
Microsoft Visual Studio Solution File, Format Version 12.00
# Visual Studio 15
VisualStudioVersion = 15.0.26430.12
MinimumVisualStudioVersion = 10.0.40219.1
Project("{FAE04EC0-301F-11D3-BF4B-00C04F79EFBC}") = "PhutiLekota", "PhutiLekota\PhutiLekota.csproj", "{B00A5F27-3A86-4C82-8C3D-EB8C98353403}"
EndProject
Project("{FAE04EC0-301F-11D3-BF4B-00C04F79EFBC}") = "Logic", "Logic\Logic.csproj", "{905A3D9A-FDC3-47E3-AD98-2A755F4A465C}"
EndProject
Project("{FAE04EC0-301F-11D3-BF4B-00C04F79EFBC}") = "Entities", "Entities\Entities.csproj", "{40122105-8AC5-4C2B-9802-262816B3CB26}"
EndProject
Project("{FAE04EC0-301F-11D3-BF4B-00C04F79EFBC}") = "UnitTest", "UnitTest\UnitTest.csproj", "{8AF56ED2-0EB8-4918-B23A-4F91F2FD1999}"
EndProject
Global
	GlobalSection(SolutionConfigurationPlatforms) = preSolution
		Debug|Any CPU = Debug|Any CPU
		Release|Any CPU = Release|Any CPU
	EndGlobalSection
	GlobalSection(ProjectConfigurationPlatforms) = postSolution
		{B00A5F27-3A86-4C82-8C3D-EB8C98353403}.Debug|Any CPU.ActiveCfg = Debug|Any CPU
		{B00A5F27-3A86-4C82-8C3D-EB8C98353403}.Debug|Any CPU.Build.0 = Debug|Any CPU
		{B00A5F27-3A86-4C82-8C3D-EB8C98353403}.Release|Any CPU.ActiveCfg = Release|Any CPU
		{B00A5F27-3A86-4C82-8C3D-EB8C98353403}.Release|Any CPU.Build.0 = Release|Any CPU
		{905A3D9A-FDC3-47E3-AD98-2A755F4A465C}.Debug|Any CPU.ActiveCfg = Debug|Any CPU
		{905A3D9A-FDC3-47E3-AD98-2A755F4A465C}.Debug|Any CPU.Build.0 = Debug|Any CPU
		{905A3D9A-FDC3-47E3-AD98-2A755F4A465C}.Release|Any CPU.ActiveCfg = Release|Any CPU
		{905A3D9A-FDC3-47E3-AD98-2A755F4A465C}.Release|Any CPU.Build.0 = Release|Any CPU
		{40122105-8AC5-4C2B-9802-262816B3CB26}.Debug|Any CPU.ActiveCfg = Debug|Any CPU
		{40122105-8AC5-4C2B-9802-262816B3CB26}.Debug|Any CPU.Build.0 = Debug|Any CPU
		{40122105-8AC5-4C2B-9802-262816B3CB26}.Release|Any CPU.ActiveCfg = Release|Any CPU
		{40122105-8AC5-4C2B-9802-262816B3CB26}.Release|Any CPU.Build.0 = Release|Any CPU
		{8AF56ED2-0EB8-4918-B23A-4F91F2FD1999}.Debug|Any CPU.ActiveCfg = Debug|Any CPU
		{8AF56ED2-0EB8-4918-B23A-4F91F2FD1999}.Debug|Any CPU.Build.0 = Debug|Any CPU
		{8AF56ED2-0EB8-4918-B23A-4F91F2FD1999}.Release|Any CPU.ActiveCfg = Release|Any CPU
		{8AF56ED2-0EB8-4918-B23A-4F91F2FD1999}.Release|Any CPU.Build.0 = Release|Any CPU
	EndGlobalSection
	GlobalSection(SolutionProperties) = preSolution
		HideSolutionNode = FALSE
	EndGlobalSection
EndGlobal
